// !$*UTF8*$!
{
	archiveVersion = 1;
	classes = {
	};
	objectVersion = 46;
	objects = {

/* Begin PBXBuildFile section */
		48553FD019C98F8E00C9A7A6 /* AppDelegate.swift in Sources */ = {isa = PBXBuildFile; fileRef = 48553FCF19C98F8E00C9A7A6 /* AppDelegate.swift */; };
		48553FD219C98F8E00C9A7A6 /* FirstViewController.swift in Sources */ = {isa = PBXBuildFile; fileRef = 48553FD119C98F8E00C9A7A6 /* FirstViewController.swift */; };
		48553FD419C98F8E00C9A7A6 /* SecondViewController.swift in Sources */ = {isa = PBXBuildFile; fileRef = 48553FD319C98F8E00C9A7A6 /* SecondViewController.swift */; };
		48553FD719C98F8E00C9A7A6 /* Main.storyboard in Resources */ = {isa = PBXBuildFile; fileRef = 48553FD519C98F8E00C9A7A6 /* Main.storyboard */; };
		48553FD919C98F8E00C9A7A6 /* Images.xcassets in Resources */ = {isa = PBXBuildFile; fileRef = 48553FD819C98F8E00C9A7A6 /* Images.xcassets */; };
		48553FDC19C98F8E00C9A7A6 /* LaunchScreen.xib in Resources */ = {isa = PBXBuildFile; fileRef = 48553FDA19C98F8E00C9A7A6 /* LaunchScreen.xib */; };
		48553FE819C98F8E00C9A7A6 /* NSSpainEnteranceTrackerTests.swift in Sources */ = {isa = PBXBuildFile; fileRef = 48553FE719C98F8E00C9A7A6 /* NSSpainEnteranceTrackerTests.swift */; };
		FC21F23819C99A3300491F9A /* BeaconActivityLogger.swift in Sources */ = {isa = PBXBuildFile; fileRef = FC21F23719C99A3300491F9A /* BeaconActivityLogger.swift */; };
		FC21F23919C99A3300491F9A /* BeaconActivityLogger.swift in Sources */ = {isa = PBXBuildFile; fileRef = FC21F23719C99A3300491F9A /* BeaconActivityLogger.swift */; };
		FC21F23B19C9C53000491F9A /* BeaconActivityLoggerTests.swift in Sources */ = {isa = PBXBuildFile; fileRef = FC21F23A19C9C53000491F9A /* BeaconActivityLoggerTests.swift */; };
/* End PBXBuildFile section */

/* Begin PBXContainerItemProxy section */
		48553FE219C98F8E00C9A7A6 /* PBXContainerItemProxy */ = {
			isa = PBXContainerItemProxy;
			containerPortal = 48553FC219C98F8E00C9A7A6 /* Project object */;
			proxyType = 1;
			remoteGlobalIDString = 48553FC919C98F8E00C9A7A6;
			remoteInfo = NSSpainEnteranceTracker;
		};
/* End PBXContainerItemProxy section */

/* Begin PBXFileReference section */
		48553FCA19C98F8E00C9A7A6 /* NSSpainEnteranceTracker.app */ = {isa = PBXFileReference; explicitFileType = wrapper.application; includeInIndex = 0; path = NSSpainEnteranceTracker.app; sourceTree = BUILT_PRODUCTS_DIR; };
		48553FCE19C98F8E00C9A7A6 /* Info.plist */ = {isa = PBXFileReference; lastKnownFileType = text.plist.xml; path = Info.plist; sourceTree = "<group>"; };
		48553FCF19C98F8E00C9A7A6 /* AppDelegate.swift */ = {isa = PBXFileReference; lastKnownFileType = sourcecode.swift; path = AppDelegate.swift; sourceTree = "<group>"; };
		48553FD119C98F8E00C9A7A6 /* FirstViewController.swift */ = {isa = PBXFileReference; lastKnownFileType = sourcecode.swift; path = FirstViewController.swift; sourceTree = "<group>"; };
		48553FD319C98F8E00C9A7A6 /* SecondViewController.swift */ = {isa = PBXFileReference; lastKnownFileType = sourcecode.swift; path = SecondViewController.swift; sourceTree = "<group>"; };
		48553FD619C98F8E00C9A7A6 /* Base */ = {isa = PBXFileReference; lastKnownFileType = file.storyboard; name = Base; path = Base.lproj/Main.storyboard; sourceTree = "<group>"; };
		48553FD819C98F8E00C9A7A6 /* Images.xcassets */ = {isa = PBXFileReference; lastKnownFileType = folder.assetcatalog; path = Images.xcassets; sourceTree = "<group>"; };
		48553FDB19C98F8E00C9A7A6 /* Base */ = {isa = PBXFileReference; lastKnownFileType = file.xib; name = Base; path = Base.lproj/LaunchScreen.xib; sourceTree = "<group>"; };
		48553FE119C98F8E00C9A7A6 /* NSSpainEnteranceTrackerTests.xctest */ = {isa = PBXFileReference; explicitFileType = wrapper.cfbundle; includeInIndex = 0; path = NSSpainEnteranceTrackerTests.xctest; sourceTree = BUILT_PRODUCTS_DIR; };
		48553FE619C98F8E00C9A7A6 /* Info.plist */ = {isa = PBXFileReference; lastKnownFileType = text.plist.xml; path = Info.plist; sourceTree = "<group>"; };
		48553FE719C98F8E00C9A7A6 /* NSSpainEnteranceTrackerTests.swift */ = {isa = PBXFileReference; lastKnownFileType = sourcecode.swift; path = NSSpainEnteranceTrackerTests.swift; sourceTree = "<group>"; };
		FC21F23719C99A3300491F9A /* BeaconActivityLogger.swift */ = {isa = PBXFileReference; fileEncoding = 4; lastKnownFileType = sourcecode.swift; path = BeaconActivityLogger.swift; sourceTree = "<group>"; };
		FC21F23A19C9C53000491F9A /* BeaconActivityLoggerTests.swift */ = {isa = PBXFileReference; fileEncoding = 4; lastKnownFileType = sourcecode.swift; path = BeaconActivityLoggerTests.swift; sourceTree = "<group>"; };
/* End PBXFileReference section */

/* Begin PBXFrameworksBuildPhase section */
		48553FC719C98F8E00C9A7A6 /* Frameworks */ = {
			isa = PBXFrameworksBuildPhase;
			buildActionMask = 2147483647;
			files = (
			);
			runOnlyForDeploymentPostprocessing = 0;
		};
		48553FDE19C98F8E00C9A7A6 /* Frameworks */ = {
			isa = PBXFrameworksBuildPhase;
			buildActionMask = 2147483647;
			files = (
			);
			runOnlyForDeploymentPostprocessing = 0;
		};
/* End PBXFrameworksBuildPhase section */

/* Begin PBXGroup section */
		48553FC119C98F8E00C9A7A6 = {
			isa = PBXGroup;
			children = (
				48553FCC19C98F8E00C9A7A6 /* NSSpainEnteranceTracker */,
				48553FE419C98F8E00C9A7A6 /* NSSpainEnteranceTrackerTests */,
				48553FCB19C98F8E00C9A7A6 /* Products */,
			);
			sourceTree = "<group>";
		};
		48553FCB19C98F8E00C9A7A6 /* Products */ = {
			isa = PBXGroup;
			children = (
				48553FCA19C98F8E00C9A7A6 /* NSSpainEnteranceTracker.app */,
				48553FE119C98F8E00C9A7A6 /* NSSpainEnteranceTrackerTests.xctest */,
			);
			name = Products;
			sourceTree = "<group>";
		};
		48553FCC19C98F8E00C9A7A6 /* NSSpainEnteranceTracker */ = {
			isa = PBXGroup;
			children = (
				FC21F23619C9999D00491F9A /* utils */,
				48553FCF19C98F8E00C9A7A6 /* AppDelegate.swift */,
				48553FD119C98F8E00C9A7A6 /* FirstViewController.swift */,
				48553FD319C98F8E00C9A7A6 /* SecondViewController.swift */,
				48553FD519C98F8E00C9A7A6 /* Main.storyboard */,
				48553FD819C98F8E00C9A7A6 /* Images.xcassets */,
				48553FDA19C98F8E00C9A7A6 /* LaunchScreen.xib */,
				48553FCD19C98F8E00C9A7A6 /* Supporting Files */,
			);
			path = NSSpainEnteranceTracker;
			sourceTree = "<group>";
		};
		48553FCD19C98F8E00C9A7A6 /* Supporting Files */ = {
			isa = PBXGroup;
			children = (
				48553FCE19C98F8E00C9A7A6 /* Info.plist */,
			);
			name = "Supporting Files";
			sourceTree = "<group>";
		};
		48553FE419C98F8E00C9A7A6 /* NSSpainEnteranceTrackerTests */ = {
			isa = PBXGroup;
			children = (
				48553FE719C98F8E00C9A7A6 /* NSSpainEnteranceTrackerTests.swift */,
				48553FE519C98F8E00C9A7A6 /* Supporting Files */,
				FC21F23A19C9C53000491F9A /* BeaconActivityLoggerTests.swift */,
			);
			path = NSSpainEnteranceTrackerTests;
			sourceTree = "<group>";
		};
		48553FE519C98F8E00C9A7A6 /* Supporting Files */ = {
			isa = PBXGroup;
			children = (
				48553FE619C98F8E00C9A7A6 /* Info.plist */,
			);
			name = "Supporting Files";
			sourceTree = "<group>";
		};
		FC21F23619C9999D00491F9A /* utils */ = {
			isa = PBXGroup;
			children = (
				FC21F23719C99A3300491F9A /* BeaconActivityLogger.swift */,
			);
			path = utils;
			sourceTree = "<group>";
		};
/* End PBXGroup section */

/* Begin PBXNativeTarget section */
		48553FC919C98F8E00C9A7A6 /* NSSpainEnteranceTracker */ = {
			isa = PBXNativeTarget;
			buildConfigurationList = 48553FEB19C98F8E00C9A7A6 /* Build configuration list for PBXNativeTarget "NSSpainEnteranceTracker" */;
			buildPhases = (
				48553FC619C98F8E00C9A7A6 /* Sources */,
				48553FC719C98F8E00C9A7A6 /* Frameworks */,
				48553FC819C98F8E00C9A7A6 /* Resources */,
			);
			buildRules = (
			);
			dependencies = (
			);
			name = NSSpainEnteranceTracker;
			productName = NSSpainEnteranceTracker;
			productReference = 48553FCA19C98F8E00C9A7A6 /* NSSpainEnteranceTracker.app */;
			productType = "com.apple.product-type.application";
		};
		48553FE019C98F8E00C9A7A6 /* NSSpainEnteranceTrackerTests */ = {
			isa = PBXNativeTarget;
			buildConfigurationList = 48553FEE19C98F8E00C9A7A6 /* Build configuration list for PBXNativeTarget "NSSpainEnteranceTrackerTests" */;
			buildPhases = (
				48553FDD19C98F8E00C9A7A6 /* Sources */,
				48553FDE19C98F8E00C9A7A6 /* Frameworks */,
				48553FDF19C98F8E00C9A7A6 /* Resources */,
			);
			buildRules = (
			);
			dependencies = (
				48553FE319C98F8E00C9A7A6 /* PBXTargetDependency */,
			);
			name = NSSpainEnteranceTrackerTests;
			productName = NSSpainEnteranceTrackerTests;
			productReference = 48553FE119C98F8E00C9A7A6 /* NSSpainEnteranceTrackerTests.xctest */;
			productType = "com.apple.product-type.bundle.unit-test";
		};
/* End PBXNativeTarget section */

/* Begin PBXProject section */
		48553FC219C98F8E00C9A7A6 /* Project object */ = {
			isa = PBXProject;
			attributes = {
				LastUpgradeCheck = 0600;
				ORGANIZATIONNAME = "Jens Kufver";
				TargetAttributes = {
					48553FC919C98F8E00C9A7A6 = {
						CreatedOnToolsVersion = 6.0;
					};
					48553FE019C98F8E00C9A7A6 = {
						CreatedOnToolsVersion = 6.0;
						TestTargetID = 48553FC919C98F8E00C9A7A6;
					};
				};
			};
			buildConfigurationList = 48553FC519C98F8E00C9A7A6 /* Build configuration list for PBXProject "NSSpainEnteranceTracker" */;
			compatibilityVersion = "Xcode 3.2";
			developmentRegion = English;
			hasScannedForEncodings = 0;
			knownRegions = (
				en,
				Base,
			);
			mainGroup = 48553FC119C98F8E00C9A7A6;
			productRefGroup = 48553FCB19C98F8E00C9A7A6 /* Products */;
			projectDirPath = "";
			projectRoot = "";
			targets = (
				48553FC919C98F8E00C9A7A6 /* NSSpainEnteranceTracker */,
				48553FE019C98F8E00C9A7A6 /* NSSpainEnteranceTrackerTests */,
			);
		};
/* End PBXProject section */

/* Begin PBXResourcesBuildPhase section */
		48553FC819C98F8E00C9A7A6 /* Resources */ = {
			isa = PBXResourcesBuildPhase;
			buildActionMask = 2147483647;
			files = (
				48553FD719C98F8E00C9A7A6 /* Main.storyboard in Resources */,
				48553FDC19C98F8E00C9A7A6 /* LaunchScreen.xib in Resources */,
				48553FD919C98F8E00C9A7A6 /* Images.xcassets in Resources */,
			);
			runOnlyForDeploymentPostprocessing = 0;
		};
		48553FDF19C98F8E00C9A7A6 /* Resources */ = {
			isa = PBXResourcesBuildPhase;
			buildActionMask = 2147483647;
			files = (
			);
			runOnlyForDeploymentPostprocessing = 0;
		};
/* End PBXResourcesBuildPhase section */

/* Begin PBXSourcesBuildPhase section */
		48553FC619C98F8E00C9A7A6 /* Sources */ = {
			isa = PBXSourcesBuildPhase;
			buildActionMask = 2147483647;
			files = (
				48553FD419C98F8E00C9A7A6 /* SecondViewController.swift in Sources */,
				48553FD019C98F8E00C9A7A6 /* AppDelegate.swift in Sources */,
				FC21F23819C99A3300491F9A /* BeaconActivityLogger.swift in Sources */,
				48553FD219C98F8E00C9A7A6 /* FirstViewController.swift in Sources */,
			);
			runOnlyForDeploymentPostprocessing = 0;
		};
		48553FDD19C98F8E00C9A7A6 /* Sources */ = {
			isa = PBXSourcesBuildPhase;
			buildActionMask = 2147483647;
			files = (
				FC21F23B19C9C53000491F9A /* BeaconActivityLoggerTests.swift in Sources */,
				FC21F23919C99A3300491F9A /* BeaconActivityLogger.swift in Sources */,
				48553FE819C98F8E00C9A7A6 /* NSSpainEnteranceTrackerTests.swift in Sources */,
			);
			runOnlyForDeploymentPostprocessing = 0;
		};
/* End PBXSourcesBuildPhase section */

/* Begin PBXTargetDependency section */
		48553FE319C98F8E00C9A7A6 /* PBXTargetDependency */ = {
			isa = PBXTargetDependency;
			target = 48553FC919C98F8E00C9A7A6 /* NSSpainEnteranceTracker */;
			targetProxy = 48553FE219C98F8E00C9A7A6 /* PBXContainerItemProxy */;
		};
/* End PBXTargetDependency section */

/* Begin PBXVariantGroup section */
		48553FD519C98F8E00C9A7A6 /* Main.storyboard */ = {
			isa = PBXVariantGroup;
			children = (
				48553FD619C98F8E00C9A7A6 /* Base */,
			);
			name = Main.storyboard;
			sourceTree = "<group>";
		};
		48553FDA19C98F8E00C9A7A6 /* LaunchScreen.xib */ = {
			isa = PBXVariantGroup;
			children = (
				48553FDB19C98F8E00C9A7A6 /* Base */,
			);
			name = LaunchScreen.xib;
			sourceTree = "<group>";
		};
/* End PBXVariantGroup section */

/* Begin XCBuildConfiguration section */
		48553FE919C98F8E00C9A7A6 /* Debug */ = {
			isa = XCBuildConfiguration;
			buildSettings = {
				ALWAYS_SEARCH_USER_PATHS = NO;
				CLANG_CXX_LANGUAGE_STANDARD = "gnu++0x";
				CLANG_CXX_LIBRARY = "libc++";
				CLANG_ENABLE_MODULES = YES;
				CLANG_ENABLE_OBJC_ARC = YES;
				CLANG_WARN_BOOL_CONVERSION = YES;
				CLANG_WARN_CONSTANT_CONVERSION = YES;
				CLANG_WARN_DIRECT_OBJC_ISA_USAGE = YES_ERROR;
				CLANG_WARN_EMPTY_BODY = YES;
				CLANG_WARN_ENUM_CONVERSION = YES;
				CLANG_WARN_INT_CONVERSION = YES;
				CLANG_WARN_OBJC_ROOT_CLASS = YES_ERROR;
				CLANG_WARN_UNREACHABLE_CODE = YES;
				CLANG_WARN__DUPLICATE_METHOD_MATCH = YES;
				"CODE_SIGN_IDENTITY[sdk=iphoneos*]" = "iPhone Developer";
				COPY_PHASE_STRIP = NO;
				ENABLE_STRICT_OBJC_MSGSEND = YES;
				GCC_C_LANGUAGE_STANDARD = gnu99;
				GCC_DYNAMIC_NO_PIC = NO;
				GCC_OPTIMIZATION_LEVEL = 0;
				GCC_PREPROCESSOR_DEFINITIONS = (
					"DEBUG=1",
					"$(inherited)",
				);
				GCC_SYMBOLS_PRIVATE_EXTERN = NO;
				GCC_WARN_64_TO_32_BIT_CONVERSION = YES;
				GCC_WARN_ABOUT_RETURN_TYPE = YES_ERROR;
				GCC_WARN_UNDECLARED_SELECTOR = YES;
				GCC_WARN_UNINITIALIZED_AUTOS = YES_AGGRESSIVE;
				GCC_WARN_UNUSED_FUNCTION = YES;
				GCC_WARN_UNUSED_VARIABLE = YES;
				IPHONEOS_DEPLOYMENT_TARGET = 8.0;
				MTL_ENABLE_DEBUG_INFO = YES;
				ONLY_ACTIVE_ARCH = YES;
				SDKROOT = iphoneos;
				SWIFT_OPTIMIZATION_LEVEL = "-Onone";
			};
			name = Debug;
		};
		48553FEA19C98F8E00C9A7A6 /* Release */ = {
			isa = XCBuildConfiguration;
			buildSettings = {
				ALWAYS_SEARCH_USER_PATHS = NO;
				CLANG_CXX_LANGUAGE_STANDARD = "gnu++0x";
				CLANG_CXX_LIBRARY = "libc++";
				CLANG_ENABLE_MODULES = YES;
				CLANG_ENABLE_OBJC_ARC = YES;
				CLANG_WARN_BOOL_CONVERSION = YES;
				CLANG_WARN_CONSTANT_CONVERSION = YES;
				CLANG_WARN_DIRECT_OBJC_ISA_USAGE = YES_ERROR;
				CLANG_WARN_EMPTY_BODY = YES;
				CLANG_WARN_ENUM_CONVERSION = YES;
				CLANG_WARN_INT_CONVERSION = YES;
				CLANG_WARN_OBJC_ROOT_CLASS = YES_ERROR;
				CLANG_WARN_UNREACHABLE_CODE = YES;
				CLANG_WARN__DUPLICATE_METHOD_MATCH = YES;
				"CODE_SIGN_IDENTITY[sdk=iphoneos*]" = "iPhone Developer";
				COPY_PHASE_STRIP = YES;
				ENABLE_NS_ASSERTIONS = NO;
				ENABLE_STRICT_OBJC_MSGSEND = YES;
				GCC_C_LANGUAGE_STANDARD = gnu99;
				GCC_WARN_64_TO_32_BIT_CONVERSION = YES;
				GCC_WARN_ABOUT_RETURN_TYPE = YES_ERROR;
				GCC_WARN_UNDECLARED_SELECTOR = YES;
				GCC_WARN_UNINITIALIZED_AUTOS = YES_AGGRESSIVE;
				GCC_WARN_UNUSED_FUNCTION = YES;
				GCC_WARN_UNUSED_VARIABLE = YES;
				IPHONEOS_DEPLOYMENT_TARGET = 8.0;
				MTL_ENABLE_DEBUG_INFO = NO;
				SDKROOT = iphoneos;
				VALIDATE_PRODUCT = YES;
			};
			name = Release;
		};
		48553FEC19C98F8E00C9A7A6 /* Debug */ = {
			isa = XCBuildConfiguration;
			buildSettings = {
				ASSETCATALOG_COMPILER_APPICON_NAME = AppIcon;
				INFOPLIST_FILE = NSSpainEnteranceTracker/Info.plist;
				IPHONEOS_DEPLOYMENT_TARGET = 7.1;
				LD_RUNPATH_SEARCH_PATHS = "$(inherited) @executable_path/Frameworks";
				PRODUCT_NAME = "$(TARGET_NAME)";
			};
			name = Debug;
		};
		48553FED19C98F8E00C9A7A6 /* Release */ = {
			isa = XCBuildConfiguration;
			buildSettings = {
				ASSETCATALOG_COMPILER_APPICON_NAME = AppIcon;
				INFOPLIST_FILE = NSSpainEnteranceTracker/Info.plist;
				IPHONEOS_DEPLOYMENT_TARGET = 7.1;
				LD_RUNPATH_SEARCH_PATHS = "$(inherited) @executable_path/Frameworks";
				PRODUCT_NAME = "$(TARGET_NAME)";
			};
			name = Release;
		};
		48553FEF19C98F8E00C9A7A6 /* Debug */ = {
			isa = XCBuildConfiguration;
			buildSettings = {
				BUNDLE_LOADER = "$(TEST_HOST)";
				FRAMEWORK_SEARCH_PATHS = (
					"$(SDKROOT)/Developer/Library/Frameworks",
					"$(inherited)",
				);
				GCC_PREPROCESSOR_DEFINITIONS = (
					"DEBUG=1",
					"$(inherited)",
				);
				INFOPLIST_FILE = NSSpainEnteranceTrackerTests/Info.plist;
				LD_RUNPATH_SEARCH_PATHS = "$(inherited) @executable_path/Frameworks @loader_path/Frameworks";
				PRODUCT_NAME = "$(TARGET_NAME)";
				TEST_HOST = "$(BUILT_PRODUCTS_DIR)/NSSpainEnteranceTracker.app/NSSpainEnteranceTracker";
			};
			name = Debug;
		};
		48553FF019C98F8E00C9A7A6 /* Release */ = {
			isa = XCBuildConfiguration;
			buildSettings = {
				BUNDLE_LOADER = "$(TEST_HOST)";
				FRAMEWORK_SEARCH_PATHS = (
					"$(SDKROOT)/Developer/Library/Frameworks",
					"$(inherited)",
				);
				INFOPLIST_FILE = NSSpainEnteranceTrackerTests/Info.plist;
				LD_RUNPATH_SEARCH_PATHS = "$(inherited) @executable_path/Frameworks @loader_path/Frameworks";
				PRODUCT_NAME = "$(TARGET_NAME)";
				TEST_HOST = "$(BUILT_PRODUCTS_DIR)/NSSpainEnteranceTracker.app/NSSpainEnteranceTracker";
			};
			name = Release;
		};
/* End XCBuildConfiguration section */

/* Begin XCConfigurationList section */
		48553FC519C98F8E00C9A7A6 /* Build configuration list for PBXProject "NSSpainEnteranceTracker" */ = {
			isa = XCConfigurationList;
			buildConfigurations = (
				48553FE919C98F8E00C9A7A6 /* Debug */,
				48553FEA19C98F8E00C9A7A6 /* Release */,
			);
			defaultConfigurationIsVisible = 0;
			defaultConfigurationName = Release;
		};
		48553FEB19C98F8E00C9A7A6 /* Build configuration list for PBXNativeTarget "NSSpainEnteranceTracker" */ = {
			isa = XCConfigurationList;
			buildConfigurations = (
				48553FEC19C98F8E00C9A7A6 /* Debug */,
				48553FED19C98F8E00C9A7A6 /* Release */,
			);
			defaultConfigurationIsVisible = 0;
			defaultConfigurationName = Release;
		};
		48553FEE19C98F8E00C9A7A6 /* Build configuration list for PBXNativeTarget "NSSpainEnteranceTrackerTests" */ = {
			isa = XCConfigurationList;
			buildConfigurations = (
				48553FEF19C98F8E00C9A7A6 /* Debug */,
				48553FF019C98F8E00C9A7A6 /* Release */,
			);
			defaultConfigurationIsVisible = 0;
			defaultConfigurationName = Release;
		};
/* End XCConfigurationList section */
	};
	rootObject = 48553FC219C98F8E00C9A7A6 /* Project object */;
}
